
Microsoft Visual Studio Solution File, Format Version 12.00
# Visual Studio 14
VisualStudioVersion = 14.0.25420.1
MinimumVisualStudioVersion = 10.0.40219.1
Project("{FAE04EC0-301F-11D3-BF4B-00C04F79EFBC}") = "ElvenCurse.Website", "ElvenCurse.Website\ElvenCurse.Website.csproj", "{B3D1FC78-C9A8-44FB-BDD9-653C6B9AE3C4}"
EndProject
Global
	GlobalSection(SolutionConfigurationPlatforms) = preSolution
		Debug|Any CPU = Debug|Any CPU
		Release|Any CPU = Release|Any CPU
	EndGlobalSection
	GlobalSection(ProjectConfigurationPlatforms) = postSolution
		{B3D1FC78-C9A8-44FB-BDD9-653C6B9AE3C4}.Debug|Any CPU.ActiveCfg = Debug|Any CPU
		{B3D1FC78-C9A8-44FB-BDD9-653C6B9AE3C4}.Debug|Any CPU.Build.0 = Debug|Any CPU
		{B3D1FC78-C9A8-44FB-BDD9-653C6B9AE3C4}.Release|Any CPU.ActiveCfg = Release|Any CPU
		{B3D1FC78-C9A8-44FB-BDD9-653C6B9AE3C4}.Release|Any CPU.Build.0 = Release|Any CPU
	EndGlobalSection
	GlobalSection(SolutionProperties) = preSolution
		HideSolutionNode = FALSE
	EndGlobalSection
EndGlobal
